// !$*UTF8*$!
{
	archiveVersion = 1;
	classes = {
	};
	objectVersion = 46;
	objects = {

/* Begin PBXBuildFile section */
		250EFD9F1CD7F61600CE8869 /* NodeStruct.swift in Sources */ = {isa = PBXBuildFile; fileRef = 250EFD9E1CD7F61600CE8869 /* NodeStruct.swift */; };
		2534824F1CB7C9A900F61BB4 /* AppDelegate.swift in Sources */ = {isa = PBXBuildFile; fileRef = 2534824E1CB7C9A900F61BB4 /* AppDelegate.swift */; };
		253482511CB7C9A900F61BB4 /* MainViewController.swift in Sources */ = {isa = PBXBuildFile; fileRef = 253482501CB7C9A900F61BB4 /* MainViewController.swift */; };
		253482531CB7C9A900F61BB4 /* Document.swift in Sources */ = {isa = PBXBuildFile; fileRef = 253482521CB7C9A900F61BB4 /* Document.swift */; };
		253482551CB7C9A900F61BB4 /* Assets.xcassets in Resources */ = {isa = PBXBuildFile; fileRef = 253482541CB7C9A900F61BB4 /* Assets.xcassets */; };
		253482581CB7C9A900F61BB4 /* Main.storyboard in Resources */ = {isa = PBXBuildFile; fileRef = 253482561CB7C9A900F61BB4 /* Main.storyboard */; };
		253482811CB7DC7000F61BB4 /* DataModel.swift in Sources */ = {isa = PBXBuildFile; fileRef = 253482801CB7DC7000F61BB4 /* DataModel.swift */; };
		253482841CB7E1C100F61BB4 /* Scene1ViewModel.swift in Sources */ = {isa = PBXBuildFile; fileRef = 253482831CB7E1C100F61BB4 /* Scene1ViewModel.swift */; };
		2534828A1CB7E2BB00F61BB4 /* Scene1ViewController.swift in Sources */ = {isa = PBXBuildFile; fileRef = 253482881CB7E2BB00F61BB4 /* Scene1ViewController.swift */; };
		2534828B1CB7E2BB00F61BB4 /* Scene1ViewController.xib in Resources */ = {isa = PBXBuildFile; fileRef = 253482891CB7E2BB00F61BB4 /* Scene1ViewController.xib */; };
		2534828E1CB7E2D900F61BB4 /* Scene2ViewController.swift in Sources */ = {isa = PBXBuildFile; fileRef = 2534828C1CB7E2D900F61BB4 /* Scene2ViewController.swift */; };
		2534828F1CB7E2D900F61BB4 /* Scene2ViewController.xib in Resources */ = {isa = PBXBuildFile; fileRef = 2534828D1CB7E2D900F61BB4 /* Scene2ViewController.xib */; };
		253482911CB7E74400F61BB4 /* Helper.swift in Sources */ = {isa = PBXBuildFile; fileRef = 253482901CB7E74400F61BB4 /* Helper.swift */; };
		253482931CB814A500F61BB4 /* ContextMgr.swift in Sources */ = {isa = PBXBuildFile; fileRef = 253482921CB814A500F61BB4 /* ContextMgr.swift */; };
		253482A01CB8F79500F61BB4 /* ImmediateSumProcessor.swift in Sources */ = {isa = PBXBuildFile; fileRef = 2534829F1CB8F79500F61BB4 /* ImmediateSumProcessor.swift */; };
		253482A21CB915B000F61BB4 /* Scene2ViewModel.swift in Sources */ = {isa = PBXBuildFile; fileRef = 253482A11CB915B000F61BB4 /* Scene2ViewModel.swift */; };
		253A172D1CCB8CC10048E524 /* MVVMTests.swift in Sources */ = {isa = PBXBuildFile; fileRef = 253A172C1CCB8CC10048E524 /* MVVMTests.swift */; };
		253EB06D1CEC893900253BBB /* DelayedSumProcessor.swift in Sources */ = {isa = PBXBuildFile; fileRef = 253EB06C1CEC893900253BBB /* DelayedSumProcessor.swift */; };
		25597FFB1CBE9E000004699B /* MainViewModel.swift in Sources */ = {isa = PBXBuildFile; fileRef = 25597FFA1CBE9E000004699B /* MainViewModel.swift */; };
		256A84641CC39F9D00C8C072 /* TransientClass.swift in Sources */ = {isa = PBXBuildFile; fileRef = 256A84631CC39F9D00C8C072 /* TransientClass.swift */; };
		25D27DA61F0F809B00097E8D /* NodeSwift.swift in Sources */ = {isa = PBXBuildFile; fileRef = 25D27DA41F0F7E9F00097E8D /* NodeSwift.swift */; };
		25D380BA1F27400800AF5747 /* idea_chris_eidof.swift in Sources */ = {isa = PBXBuildFile; fileRef = 25D380B91F27400800AF5747 /* idea_chris_eidof.swift */; };
		25E2A4041CFDA55800F42FD3 /* QuantwmOSX.h in Headers */ = {isa = PBXBuildFile; fileRef = 25E2A4031CFDA55800F42FD3 /* QuantwmOSX.h */; settings = {ATTRIBUTES = (Public, ); }; };
		25E2A40B1CFDA55800F42FD3 /* QuantwmOSX.framework in Frameworks */ = {isa = PBXBuildFile; fileRef = 25E2A4011CFDA55800F42FD3 /* QuantwmOSX.framework */; };
		25E2A4121CFDA55800F42FD3 /* QuantwmOSXTests.m in Sources */ = {isa = PBXBuildFile; fileRef = 25E2A4111CFDA55800F42FD3 /* QuantwmOSXTests.m */; };
		25E2A4161CFDA55800F42FD3 /* QuantwmOSX.framework in Frameworks */ = {isa = PBXBuildFile; fileRef = 25E2A4011CFDA55800F42FD3 /* QuantwmOSX.framework */; };
		25E2A4171CFDA55800F42FD3 /* QuantwmOSX.framework in Embed Frameworks */ = {isa = PBXBuildFile; fileRef = 25E2A4011CFDA55800F42FD3 /* QuantwmOSX.framework */; settings = {ATTRIBUTES = (CodeSignOnCopy, RemoveHeadersOnCopy, ); }; };
		25E2A41F1CFDA5FE00F42FD3 /* QWChangeCounter.swift in Sources */ = {isa = PBXBuildFile; fileRef = 25EA3A2C1CF05428002D5962 /* QWChangeCounter.swift */; };
		25E2A4201CFDA5FE00F42FD3 /* DataContext.swift in Sources */ = {isa = PBXBuildFile; fileRef = 25EA3A2D1CF05428002D5962 /* DataContext.swift */; };
		25E2A4211CFDA5FE00F42FD3 /* RepositoryObserver.swift in Sources */ = {isa = PBXBuildFile; fileRef = 25EA3A2E1CF05428002D5962 /* RepositoryObserver.swift */; };
		25E2A4221CFDA5FE00F42FD3 /* DataUsage.swift in Sources */ = {isa = PBXBuildFile; fileRef = 25EA3A2F1CF05428002D5962 /* DataUsage.swift */; };
		25E2A4231CFDA5FE00F42FD3 /* GenericViewModel.swift in Sources */ = {isa = PBXBuildFile; fileRef = 25EA3A301CF05428002D5962 /* GenericViewModel.swift */; };
		25E2A4241CFDA5FE00F42FD3 /* KeypathDescription.swift in Sources */ = {isa = PBXBuildFile; fileRef = 25EA3A311CF05428002D5962 /* KeypathDescription.swift */; };
		25E2A4251CFDA5FE00F42FD3 /* KeypathObserver.swift in Sources */ = {isa = PBXBuildFile; fileRef = 25EA3A321CF05428002D5962 /* KeypathObserver.swift */; };
		25E2A4261CFDA5FE00F42FD3 /* KeySetObserver.swift in Sources */ = {isa = PBXBuildFile; fileRef = 25EA3A331CF05428002D5962 /* KeySetObserver.swift */; };
		25E2A4271CFDA5FE00F42FD3 /* MonitoredNode.swift in Sources */ = {isa = PBXBuildFile; fileRef = 25EA3A341CF05428002D5962 /* MonitoredNode.swift */; };
		25E2A4281CFDA5FE00F42FD3 /* NodeObserver.swift in Sources */ = {isa = PBXBuildFile; fileRef = 25EA3A351CF05428002D5962 /* NodeObserver.swift */; };
		25E2A4291CFDA5FE00F42FD3 /* PropertyDescription.swift in Sources */ = {isa = PBXBuildFile; fileRef = 25EA3A361CF05428002D5962 /* PropertyDescription.swift */; };
		25E2A42B1CFDA5FE00F42FD3 /* RegisterDescription.swift in Sources */ = {isa = PBXBuildFile; fileRef = 25EA3A381CF05428002D5962 /* RegisterDescription.swift */; };
		25E2A42C1CFDA5FE00F42FD3 /* CodingConverter.swift in Sources */ = {isa = PBXBuildFile; fileRef = 25EA3A391CF05428002D5962 /* CodingConverter.swift */; };
		25E2A4301CFDBE7900F42FD3 /* QuantwmTest.swift in Sources */ = {isa = PBXBuildFile; fileRef = 25E2A42F1CFDBE7900F42FD3 /* QuantwmTest.swift */; };
/* End PBXBuildFile section */

/* Begin PBXContainerItemProxy section */
		253A172F1CCB8CC10048E524 /* PBXContainerItemProxy */ = {
			isa = PBXContainerItemProxy;
			containerPortal = 253482431CB7C9A900F61BB4 /* Project object */;
			proxyType = 1;
			remoteGlobalIDString = 2534824A1CB7C9A900F61BB4;
			remoteInfo = MVVM;
		};
		25E2A40C1CFDA55800F42FD3 /* PBXContainerItemProxy */ = {
			isa = PBXContainerItemProxy;
			containerPortal = 253482431CB7C9A900F61BB4 /* Project object */;
			proxyType = 1;
			remoteGlobalIDString = 25E2A4001CFDA55800F42FD3;
			remoteInfo = QuantwmOSX;
		};
		25E2A40E1CFDA55800F42FD3 /* PBXContainerItemProxy */ = {
			isa = PBXContainerItemProxy;
			containerPortal = 253482431CB7C9A900F61BB4 /* Project object */;
			proxyType = 1;
			remoteGlobalIDString = 2534824A1CB7C9A900F61BB4;
			remoteInfo = MVVM;
		};
		25E2A4141CFDA55800F42FD3 /* PBXContainerItemProxy */ = {
			isa = PBXContainerItemProxy;
			containerPortal = 253482431CB7C9A900F61BB4 /* Project object */;
			proxyType = 1;
			remoteGlobalIDString = 25E2A4001CFDA55800F42FD3;
			remoteInfo = QuantwmOSX;
		};
/* End PBXContainerItemProxy section */

/* Begin PBXCopyFilesBuildPhase section */
		25E2A41B1CFDA55900F42FD3 /* Embed Frameworks */ = {
			isa = PBXCopyFilesBuildPhase;
			buildActionMask = 2147483647;
			dstPath = "";
			dstSubfolderSpec = 10;
			files = (
				25E2A4171CFDA55800F42FD3 /* QuantwmOSX.framework in Embed Frameworks */,
			);
			name = "Embed Frameworks";
			runOnlyForDeploymentPostprocessing = 0;
		};
/* End PBXCopyFilesBuildPhase section */

/* Begin PBXFileReference section */
		250EFD9E1CD7F61600CE8869 /* NodeStruct.swift */ = {isa = PBXFileReference; fileEncoding = 4; lastKnownFileType = sourcecode.swift; path = NodeStruct.swift; sourceTree = "<group>"; };
		2534824B1CB7C9A900F61BB4 /* MVVM.app */ = {isa = PBXFileReference; explicitFileType = wrapper.application; includeInIndex = 0; path = MVVM.app; sourceTree = BUILT_PRODUCTS_DIR; };
		2534824E1CB7C9A900F61BB4 /* AppDelegate.swift */ = {isa = PBXFileReference; lastKnownFileType = sourcecode.swift; path = AppDelegate.swift; sourceTree = "<group>"; };
		253482501CB7C9A900F61BB4 /* MainViewController.swift */ = {isa = PBXFileReference; lastKnownFileType = sourcecode.swift; lineEnding = 0; path = MainViewController.swift; sourceTree = "<group>"; xcLanguageSpecificationIdentifier = xcode.lang.swift; };
		253482521CB7C9A900F61BB4 /* Document.swift */ = {isa = PBXFileReference; lastKnownFileType = sourcecode.swift; lineEnding = 0; path = Document.swift; sourceTree = "<group>"; xcLanguageSpecificationIdentifier = xcode.lang.swift; };
		253482541CB7C9A900F61BB4 /* Assets.xcassets */ = {isa = PBXFileReference; lastKnownFileType = folder.assetcatalog; path = Assets.xcassets; sourceTree = "<group>"; };
		253482571CB7C9A900F61BB4 /* Base */ = {isa = PBXFileReference; lastKnownFileType = file.storyboard; name = Base; path = Base.lproj/Main.storyboard; sourceTree = "<group>"; };
		253482591CB7C9A900F61BB4 /* Info.plist */ = {isa = PBXFileReference; lastKnownFileType = text.plist.xml; path = Info.plist; sourceTree = "<group>"; };
		253482801CB7DC7000F61BB4 /* DataModel.swift */ = {isa = PBXFileReference; fileEncoding = 4; lastKnownFileType = sourcecode.swift; lineEnding = 0; path = DataModel.swift; sourceTree = "<group>"; xcLanguageSpecificationIdentifier = xcode.lang.swift; };
		253482831CB7E1C100F61BB4 /* Scene1ViewModel.swift */ = {isa = PBXFileReference; fileEncoding = 4; lastKnownFileType = sourcecode.swift; path = Scene1ViewModel.swift; sourceTree = "<group>"; };
		253482881CB7E2BB00F61BB4 /* Scene1ViewController.swift */ = {isa = PBXFileReference; fileEncoding = 4; lastKnownFileType = sourcecode.swift; lineEnding = 0; path = Scene1ViewController.swift; sourceTree = "<group>"; xcLanguageSpecificationIdentifier = xcode.lang.swift; };
		253482891CB7E2BB00F61BB4 /* Scene1ViewController.xib */ = {isa = PBXFileReference; fileEncoding = 4; lastKnownFileType = file.xib; path = Scene1ViewController.xib; sourceTree = "<group>"; };
		2534828C1CB7E2D900F61BB4 /* Scene2ViewController.swift */ = {isa = PBXFileReference; fileEncoding = 4; lastKnownFileType = sourcecode.swift; lineEnding = 0; path = Scene2ViewController.swift; sourceTree = "<group>"; xcLanguageSpecificationIdentifier = xcode.lang.swift; };
		2534828D1CB7E2D900F61BB4 /* Scene2ViewController.xib */ = {isa = PBXFileReference; fileEncoding = 4; lastKnownFileType = file.xib; path = Scene2ViewController.xib; sourceTree = "<group>"; };
		253482901CB7E74400F61BB4 /* Helper.swift */ = {isa = PBXFileReference; fileEncoding = 4; lastKnownFileType = sourcecode.swift; lineEnding = 0; path = Helper.swift; sourceTree = "<group>"; xcLanguageSpecificationIdentifier = xcode.lang.swift; };
		253482921CB814A500F61BB4 /* ContextMgr.swift */ = {isa = PBXFileReference; fileEncoding = 4; lastKnownFileType = sourcecode.swift; lineEnding = 0; path = ContextMgr.swift; sourceTree = "<group>"; xcLanguageSpecificationIdentifier = xcode.lang.swift; };
		2534829F1CB8F79500F61BB4 /* ImmediateSumProcessor.swift */ = {isa = PBXFileReference; fileEncoding = 4; lastKnownFileType = sourcecode.swift; path = ImmediateSumProcessor.swift; sourceTree = "<group>"; };
		253482A11CB915B000F61BB4 /* Scene2ViewModel.swift */ = {isa = PBXFileReference; fileEncoding = 4; lastKnownFileType = sourcecode.swift; path = Scene2ViewModel.swift; sourceTree = "<group>"; };
		253A172A1CCB8CC10048E524 /* MVVMTests.xctest */ = {isa = PBXFileReference; explicitFileType = wrapper.cfbundle; includeInIndex = 0; path = MVVMTests.xctest; sourceTree = BUILT_PRODUCTS_DIR; };
		253A172C1CCB8CC10048E524 /* MVVMTests.swift */ = {isa = PBXFileReference; lastKnownFileType = sourcecode.swift; path = MVVMTests.swift; sourceTree = "<group>"; };
		253A172E1CCB8CC10048E524 /* Info.plist */ = {isa = PBXFileReference; lastKnownFileType = text.plist.xml; path = Info.plist; sourceTree = "<group>"; };
		253EB0641CE98D6B00253BBB /* MVVM-Bridging-Header.h */ = {isa = PBXFileReference; lastKnownFileType = sourcecode.c.h; path = "MVVM-Bridging-Header.h"; sourceTree = "<group>"; };
		253EB06C1CEC893900253BBB /* DelayedSumProcessor.swift */ = {isa = PBXFileReference; fileEncoding = 4; lastKnownFileType = sourcecode.swift; path = DelayedSumProcessor.swift; sourceTree = "<group>"; };
		25597FFA1CBE9E000004699B /* MainViewModel.swift */ = {isa = PBXFileReference; fileEncoding = 4; lastKnownFileType = sourcecode.swift; lineEnding = 0; path = MainViewModel.swift; sourceTree = "<group>"; xcLanguageSpecificationIdentifier = xcode.lang.swift; };
		256A84631CC39F9D00C8C072 /* TransientClass.swift */ = {isa = PBXFileReference; fileEncoding = 4; lastKnownFileType = sourcecode.swift; path = TransientClass.swift; sourceTree = "<group>"; };
		25D27DA41F0F7E9F00097E8D /* NodeSwift.swift */ = {isa = PBXFileReference; lastKnownFileType = sourcecode.swift; path = NodeSwift.swift; sourceTree = "<group>"; };
		25D380B91F27400800AF5747 /* idea_chris_eidof.swift */ = {isa = PBXFileReference; lastKnownFileType = sourcecode.swift; path = idea_chris_eidof.swift; sourceTree = "<group>"; };
		25E2A4011CFDA55800F42FD3 /* QuantwmOSX.framework */ = {isa = PBXFileReference; explicitFileType = wrapper.framework; includeInIndex = 0; path = QuantwmOSX.framework; sourceTree = BUILT_PRODUCTS_DIR; };
		25E2A4031CFDA55800F42FD3 /* QuantwmOSX.h */ = {isa = PBXFileReference; lastKnownFileType = sourcecode.c.h; path = QuantwmOSX.h; sourceTree = "<group>"; };
		25E2A4051CFDA55800F42FD3 /* Info.plist */ = {isa = PBXFileReference; lastKnownFileType = text.plist.xml; path = Info.plist; sourceTree = "<group>"; };
		25E2A40A1CFDA55800F42FD3 /* QuantwmOSXTests.xctest */ = {isa = PBXFileReference; explicitFileType = wrapper.cfbundle; includeInIndex = 0; path = QuantwmOSXTests.xctest; sourceTree = BUILT_PRODUCTS_DIR; };
		25E2A4111CFDA55800F42FD3 /* QuantwmOSXTests.m */ = {isa = PBXFileReference; lastKnownFileType = sourcecode.c.objc; path = QuantwmOSXTests.m; sourceTree = "<group>"; };
		25E2A4131CFDA55800F42FD3 /* Info.plist */ = {isa = PBXFileReference; lastKnownFileType = text.plist.xml; path = Info.plist; sourceTree = "<group>"; };
		25E2A42E1CFDBE7900F42FD3 /* QuantwmOSXTests-Bridging-Header.h */ = {isa = PBXFileReference; lastKnownFileType = sourcecode.c.h; path = "QuantwmOSXTests-Bridging-Header.h"; sourceTree = "<group>"; };
		25E2A42F1CFDBE7900F42FD3 /* QuantwmTest.swift */ = {isa = PBXFileReference; fileEncoding = 4; lastKnownFileType = sourcecode.swift; path = QuantwmTest.swift; sourceTree = "<group>"; };
		25EA3A2C1CF05428002D5962 /* QWChangeCounter.swift */ = {isa = PBXFileReference; fileEncoding = 4; lastKnownFileType = sourcecode.swift; name = QWChangeCounter.swift; path = Quantwm/QWChangeCounter.swift; sourceTree = SOURCE_ROOT; };
		25EA3A2D1CF05428002D5962 /* DataContext.swift */ = {isa = PBXFileReference; fileEncoding = 4; lastKnownFileType = sourcecode.swift; name = DataContext.swift; path = Quantwm/DataContext.swift; sourceTree = SOURCE_ROOT; };
		25EA3A2E1CF05428002D5962 /* RepositoryObserver.swift */ = {isa = PBXFileReference; fileEncoding = 4; lastKnownFileType = sourcecode.swift; name = RepositoryObserver.swift; path = Quantwm/RepositoryObserver.swift; sourceTree = SOURCE_ROOT; };
		25EA3A2F1CF05428002D5962 /* DataUsage.swift */ = {isa = PBXFileReference; fileEncoding = 4; lastKnownFileType = sourcecode.swift; name = DataUsage.swift; path = Quantwm/DataUsage.swift; sourceTree = SOURCE_ROOT; };
		25EA3A301CF05428002D5962 /* GenericViewModel.swift */ = {isa = PBXFileReference; fileEncoding = 4; lastKnownFileType = sourcecode.swift; name = GenericViewModel.swift; path = Quantwm/GenericViewModel.swift; sourceTree = SOURCE_ROOT; };
		25EA3A311CF05428002D5962 /* KeypathDescription.swift */ = {isa = PBXFileReference; fileEncoding = 4; lastKnownFileType = sourcecode.swift; name = KeypathDescription.swift; path = Quantwm/KeypathDescription.swift; sourceTree = SOURCE_ROOT; };
		25EA3A321CF05428002D5962 /* KeypathObserver.swift */ = {isa = PBXFileReference; fileEncoding = 4; lastKnownFileType = sourcecode.swift; name = KeypathObserver.swift; path = Quantwm/KeypathObserver.swift; sourceTree = SOURCE_ROOT; };
		25EA3A331CF05428002D5962 /* KeySetObserver.swift */ = {isa = PBXFileReference; fileEncoding = 4; lastKnownFileType = sourcecode.swift; name = KeySetObserver.swift; path = Quantwm/KeySetObserver.swift; sourceTree = SOURCE_ROOT; };
		25EA3A341CF05428002D5962 /* MonitoredNode.swift */ = {isa = PBXFileReference; fileEncoding = 4; lastKnownFileType = sourcecode.swift; name = MonitoredNode.swift; path = Quantwm/MonitoredNode.swift; sourceTree = SOURCE_ROOT; };
		25EA3A351CF05428002D5962 /* NodeObserver.swift */ = {isa = PBXFileReference; fileEncoding = 4; lastKnownFileType = sourcecode.swift; name = NodeObserver.swift; path = Quantwm/NodeObserver.swift; sourceTree = SOURCE_ROOT; };
		25EA3A361CF05428002D5962 /* PropertyDescription.swift */ = {isa = PBXFileReference; fileEncoding = 4; lastKnownFileType = sourcecode.swift; name = PropertyDescription.swift; path = Quantwm/PropertyDescription.swift; sourceTree = SOURCE_ROOT; };
		25EA3A381CF05428002D5962 /* RegisterDescription.swift */ = {isa = PBXFileReference; fileEncoding = 4; lastKnownFileType = sourcecode.swift; name = RegisterDescription.swift; path = Quantwm/RegisterDescription.swift; sourceTree = SOURCE_ROOT; };
		25EA3A391CF05428002D5962 /* CodingConverter.swift */ = {isa = PBXFileReference; fileEncoding = 4; lastKnownFileType = sourcecode.swift; name = CodingConverter.swift; path = Quantwm/CodingConverter.swift; sourceTree = SOURCE_ROOT; };
/* End PBXFileReference section */

/* Begin PBXFrameworksBuildPhase section */
		253482481CB7C9A900F61BB4 /* Frameworks */ = {
			isa = PBXFrameworksBuildPhase;
			buildActionMask = 2147483647;
			files = (
				25E2A4161CFDA55800F42FD3 /* QuantwmOSX.framework in Frameworks */,
			);
			runOnlyForDeploymentPostprocessing = 0;
		};
		253A17271CCB8CC10048E524 /* Frameworks */ = {
			isa = PBXFrameworksBuildPhase;
			buildActionMask = 2147483647;
			files = (
			);
			runOnlyForDeploymentPostprocessing = 0;
		};
		25E2A3FD1CFDA55800F42FD3 /* Frameworks */ = {
			isa = PBXFrameworksBuildPhase;
			buildActionMask = 2147483647;
			files = (
			);
			runOnlyForDeploymentPostprocessing = 0;
		};
		25E2A4071CFDA55800F42FD3 /* Frameworks */ = {
			isa = PBXFrameworksBuildPhase;
			buildActionMask = 2147483647;
			files = (
				25E2A40B1CFDA55800F42FD3 /* QuantwmOSX.framework in Frameworks */,
			);
			runOnlyForDeploymentPostprocessing = 0;
		};
/* End PBXFrameworksBuildPhase section */

/* Begin PBXGroup section */
		253482421CB7C9A900F61BB4 = {
			isa = PBXGroup;
			children = (
				256A84651CC4130F00C8C072 /* Quantwm */,
				25E2A4101CFDA55800F42FD3 /* QuantwmOSXTests */,
				2534824D1CB7C9A900F61BB4 /* MVVM Demo App */,
				253A172B1CCB8CC10048E524 /* MVVMTests */,
				2534824C1CB7C9A900F61BB4 /* Products */,
			);
			sourceTree = "<group>";
		};
		2534824C1CB7C9A900F61BB4 /* Products */ = {
			isa = PBXGroup;
			children = (
				2534824B1CB7C9A900F61BB4 /* MVVM.app */,
				253A172A1CCB8CC10048E524 /* MVVMTests.xctest */,
				25E2A4011CFDA55800F42FD3 /* QuantwmOSX.framework */,
				25E2A40A1CFDA55800F42FD3 /* QuantwmOSXTests.xctest */,
			);
			name = Products;
			sourceTree = "<group>";
		};
		2534824D1CB7C9A900F61BB4 /* MVVM Demo App */ = {
			isa = PBXGroup;
			children = (
				2534829D1CB8F73400F61BB4 /* Data Model */,
				2534829E1CB8F74800F61BB4 /* Context Manager */,
				25597FFC1CBEA1F60004699B /* MainView */,
				253482821CB7DE3400F61BB4 /* Scene 1 */,
				253482871CB7E26B00F61BB4 /* Scene 2 & 3 */,
				2534824E1CB7C9A900F61BB4 /* AppDelegate.swift */,
				253482521CB7C9A900F61BB4 /* Document.swift */,
				253482541CB7C9A900F61BB4 /* Assets.xcassets */,
				253482561CB7C9A900F61BB4 /* Main.storyboard */,
				253482591CB7C9A900F61BB4 /* Info.plist */,
				253482901CB7E74400F61BB4 /* Helper.swift */,
			);
			name = "MVVM Demo App";
			path = MVVM;
			sourceTree = "<group>";
		};
		253482821CB7DE3400F61BB4 /* Scene 1 */ = {
			isa = PBXGroup;
			children = (
				253482831CB7E1C100F61BB4 /* Scene1ViewModel.swift */,
				253482881CB7E2BB00F61BB4 /* Scene1ViewController.swift */,
				253482891CB7E2BB00F61BB4 /* Scene1ViewController.xib */,
			);
			name = "Scene 1";
			sourceTree = "<group>";
		};
		253482871CB7E26B00F61BB4 /* Scene 2 & 3 */ = {
			isa = PBXGroup;
			children = (
				253482A11CB915B000F61BB4 /* Scene2ViewModel.swift */,
				2534828C1CB7E2D900F61BB4 /* Scene2ViewController.swift */,
				2534828D1CB7E2D900F61BB4 /* Scene2ViewController.xib */,
			);
			name = "Scene 2 & 3";
			sourceTree = "<group>";
		};
		2534829D1CB8F73400F61BB4 /* Data Model */ = {
			isa = PBXGroup;
			children = (
				253482801CB7DC7000F61BB4 /* DataModel.swift */,
				256A84631CC39F9D00C8C072 /* TransientClass.swift */,
				250EFD9E1CD7F61600CE8869 /* NodeStruct.swift */,
				25D27DA41F0F7E9F00097E8D /* NodeSwift.swift */,
				2534829F1CB8F79500F61BB4 /* ImmediateSumProcessor.swift */,
				253EB06C1CEC893900253BBB /* DelayedSumProcessor.swift */,
				253EB0641CE98D6B00253BBB /* MVVM-Bridging-Header.h */,
			);
			name = "Data Model";
			sourceTree = "<group>";
		};
		2534829E1CB8F74800F61BB4 /* Context Manager */ = {
			isa = PBXGroup;
			children = (
				253482921CB814A500F61BB4 /* ContextMgr.swift */,
			);
			name = "Context Manager";
			sourceTree = "<group>";
		};
		253A172B1CCB8CC10048E524 /* MVVMTests */ = {
			isa = PBXGroup;
			children = (
				253A172C1CCB8CC10048E524 /* MVVMTests.swift */,
				253A172E1CCB8CC10048E524 /* Info.plist */,
			);
			path = MVVMTests;
			sourceTree = "<group>";
		};
		25597FFC1CBEA1F60004699B /* MainView */ = {
			isa = PBXGroup;
			children = (
				253482501CB7C9A900F61BB4 /* MainViewController.swift */,
				25597FFA1CBE9E000004699B /* MainViewModel.swift */,
			);
			name = MainView;
			sourceTree = "<group>";
		};
		256A84651CC4130F00C8C072 /* Quantwm */ = {
			isa = PBXGroup;
			children = (
				25E2A4021CFDA55800F42FD3 /* QuantwmOSX */,
				25EA3A2D1CF05428002D5962 /* DataContext.swift */,
				25EA3A2E1CF05428002D5962 /* RepositoryObserver.swift */,
				25EA3A2F1CF05428002D5962 /* DataUsage.swift */,
				25EA3A301CF05428002D5962 /* GenericViewModel.swift */,
				25EA3A311CF05428002D5962 /* KeypathDescription.swift */,
				25EA3A321CF05428002D5962 /* KeypathObserver.swift */,
				25EA3A331CF05428002D5962 /* KeySetObserver.swift */,
				25EA3A351CF05428002D5962 /* NodeObserver.swift */,
				25EA3A341CF05428002D5962 /* MonitoredNode.swift */,
				25EA3A2C1CF05428002D5962 /* QWChangeCounter.swift */,
				25EA3A361CF05428002D5962 /* PropertyDescription.swift */,
				25EA3A381CF05428002D5962 /* RegisterDescription.swift */,
				25EA3A391CF05428002D5962 /* CodingConverter.swift */,
				25D380B91F27400800AF5747 /* idea_chris_eidof.swift */,
			);
			name = Quantwm;
			path = MVVM;
			sourceTree = "<group>";
		};
		25E2A4021CFDA55800F42FD3 /* QuantwmOSX */ = {
			isa = PBXGroup;
			children = (
				25E2A4031CFDA55800F42FD3 /* QuantwmOSX.h */,
				25E2A4051CFDA55800F42FD3 /* Info.plist */,
			);
			name = QuantwmOSX;
			path = ../QuantwmOSX;
			sourceTree = "<group>";
		};
		25E2A4101CFDA55800F42FD3 /* QuantwmOSXTests */ = {
			isa = PBXGroup;
			children = (
				25E2A4111CFDA55800F42FD3 /* QuantwmOSXTests.m */,
				25E2A42F1CFDBE7900F42FD3 /* QuantwmTest.swift */,
				25E2A4131CFDA55800F42FD3 /* Info.plist */,
				25E2A42E1CFDBE7900F42FD3 /* QuantwmOSXTests-Bridging-Header.h */,
			);
			path = QuantwmOSXTests;
			sourceTree = "<group>";
		};
/* End PBXGroup section */

/* Begin PBXHeadersBuildPhase section */
		25E2A3FE1CFDA55800F42FD3 /* Headers */ = {
			isa = PBXHeadersBuildPhase;
			buildActionMask = 2147483647;
			files = (
				25E2A4041CFDA55800F42FD3 /* QuantwmOSX.h in Headers */,
			);
			runOnlyForDeploymentPostprocessing = 0;
		};
/* End PBXHeadersBuildPhase section */

/* Begin PBXNativeTarget section */
		2534824A1CB7C9A900F61BB4 /* MVVM */ = {
			isa = PBXNativeTarget;
			buildConfigurationList = 2534825C1CB7C9A900F61BB4 /* Build configuration list for PBXNativeTarget "MVVM" */;
			buildPhases = (
				253482471CB7C9A900F61BB4 /* Sources */,
				253482481CB7C9A900F61BB4 /* Frameworks */,
				253482491CB7C9A900F61BB4 /* Resources */,
				25E2A41B1CFDA55900F42FD3 /* Embed Frameworks */,
			);
			buildRules = (
			);
			dependencies = (
				25E2A4151CFDA55800F42FD3 /* PBXTargetDependency */,
			);
			name = MVVM;
			productName = MVVM;
			productReference = 2534824B1CB7C9A900F61BB4 /* MVVM.app */;
			productType = "com.apple.product-type.application";
		};
		253A17291CCB8CC10048E524 /* MVVMTests */ = {
			isa = PBXNativeTarget;
			buildConfigurationList = 253A17311CCB8CC10048E524 /* Build configuration list for PBXNativeTarget "MVVMTests" */;
			buildPhases = (
				253A17261CCB8CC10048E524 /* Sources */,
				253A17271CCB8CC10048E524 /* Frameworks */,
				253A17281CCB8CC10048E524 /* Resources */,
			);
			buildRules = (
			);
			dependencies = (
				253A17301CCB8CC10048E524 /* PBXTargetDependency */,
			);
			name = MVVMTests;
			productName = MVVMTests;
			productReference = 253A172A1CCB8CC10048E524 /* MVVMTests.xctest */;
			productType = "com.apple.product-type.bundle.unit-test";
		};
		25E2A4001CFDA55800F42FD3 /* QuantwmOSX */ = {
			isa = PBXNativeTarget;
			buildConfigurationList = 25E2A4181CFDA55900F42FD3 /* Build configuration list for PBXNativeTarget "QuantwmOSX" */;
			buildPhases = (
				25E2A3FC1CFDA55800F42FD3 /* Sources */,
				25E2A3FD1CFDA55800F42FD3 /* Frameworks */,
				25E2A3FE1CFDA55800F42FD3 /* Headers */,
				25E2A3FF1CFDA55800F42FD3 /* Resources */,
			);
			buildRules = (
			);
			dependencies = (
			);
			name = QuantwmOSX;
			productName = QuantwmOSX;
			productReference = 25E2A4011CFDA55800F42FD3 /* QuantwmOSX.framework */;
			productType = "com.apple.product-type.framework";
		};
		25E2A4091CFDA55800F42FD3 /* QuantwmOSXTests */ = {
			isa = PBXNativeTarget;
			buildConfigurationList = 25E2A41C1CFDA55900F42FD3 /* Build configuration list for PBXNativeTarget "QuantwmOSXTests" */;
			buildPhases = (
				25E2A4061CFDA55800F42FD3 /* Sources */,
				25E2A4071CFDA55800F42FD3 /* Frameworks */,
				25E2A4081CFDA55800F42FD3 /* Resources */,
			);
			buildRules = (
			);
			dependencies = (
				25E2A40D1CFDA55800F42FD3 /* PBXTargetDependency */,
				25E2A40F1CFDA55800F42FD3 /* PBXTargetDependency */,
			);
			name = QuantwmOSXTests;
			productName = QuantwmOSXTests;
			productReference = 25E2A40A1CFDA55800F42FD3 /* QuantwmOSXTests.xctest */;
			productType = "com.apple.product-type.bundle.unit-test";
		};
/* End PBXNativeTarget section */

/* Begin PBXProject section */
		253482431CB7C9A900F61BB4 /* Project object */ = {
			isa = PBXProject;
			attributes = {
				LastSwiftUpdateCheck = 0730;
				LastUpgradeCheck = 0900;
				ORGANIZATIONNAME = "XL Software Solutions";
				TargetAttributes = {
					2534824A1CB7C9A900F61BB4 = {
						CreatedOnToolsVersion = 7.3;
						LastSwiftMigration = 0900;
					};
					253A17291CCB8CC10048E524 = {
						CreatedOnToolsVersion = 7.3;
						LastSwiftMigration = 0900;
						TestTargetID = 2534824A1CB7C9A900F61BB4;
					};
					25E2A4001CFDA55800F42FD3 = {
						CreatedOnToolsVersion = 7.3;
						LastSwiftMigration = 0900;
					};
					25E2A4091CFDA55800F42FD3 = {
						CreatedOnToolsVersion = 7.3;
						LastSwiftMigration = 0900;
					};
				};
			};
			buildConfigurationList = 253482461CB7C9A900F61BB4 /* Build configuration list for PBXProject "QUANTWM" */;
			compatibilityVersion = "Xcode 3.2";
			developmentRegion = English;
			hasScannedForEncodings = 0;
			knownRegions = (
				en,
				Base,
			);
			mainGroup = 253482421CB7C9A900F61BB4;
			productRefGroup = 2534824C1CB7C9A900F61BB4 /* Products */;
			projectDirPath = "";
			projectRoot = "";
			targets = (
				25E2A4001CFDA55800F42FD3 /* QuantwmOSX */,
				25E2A4091CFDA55800F42FD3 /* QuantwmOSXTests */,
				2534824A1CB7C9A900F61BB4 /* MVVM */,
				253A17291CCB8CC10048E524 /* MVVMTests */,
			);
		};
/* End PBXProject section */

/* Begin PBXResourcesBuildPhase section */
		253482491CB7C9A900F61BB4 /* Resources */ = {
			isa = PBXResourcesBuildPhase;
			buildActionMask = 2147483647;
			files = (
				2534828F1CB7E2D900F61BB4 /* Scene2ViewController.xib in Resources */,
				253482551CB7C9A900F61BB4 /* Assets.xcassets in Resources */,
				2534828B1CB7E2BB00F61BB4 /* Scene1ViewController.xib in Resources */,
				253482581CB7C9A900F61BB4 /* Main.storyboard in Resources */,
			);
			runOnlyForDeploymentPostprocessing = 0;
		};
		253A17281CCB8CC10048E524 /* Resources */ = {
			isa = PBXResourcesBuildPhase;
			buildActionMask = 2147483647;
			files = (
			);
			runOnlyForDeploymentPostprocessing = 0;
		};
		25E2A3FF1CFDA55800F42FD3 /* Resources */ = {
			isa = PBXResourcesBuildPhase;
			buildActionMask = 2147483647;
			files = (
			);
			runOnlyForDeploymentPostprocessing = 0;
		};
		25E2A4081CFDA55800F42FD3 /* Resources */ = {
			isa = PBXResourcesBuildPhase;
			buildActionMask = 2147483647;
			files = (
			);
			runOnlyForDeploymentPostprocessing = 0;
		};
/* End PBXResourcesBuildPhase section */

/* Begin PBXSourcesBuildPhase section */
		253482471CB7C9A900F61BB4 /* Sources */ = {
			isa = PBXSourcesBuildPhase;
			buildActionMask = 2147483647;
			files = (
				2534828E1CB7E2D900F61BB4 /* Scene2ViewController.swift in Sources */,
				253482A01CB8F79500F61BB4 /* ImmediateSumProcessor.swift in Sources */,
				253482511CB7C9A900F61BB4 /* MainViewController.swift in Sources */,
				253482A21CB915B000F61BB4 /* Scene2ViewModel.swift in Sources */,
				253482841CB7E1C100F61BB4 /* Scene1ViewModel.swift in Sources */,
				253482931CB814A500F61BB4 /* ContextMgr.swift in Sources */,
				25597FFB1CBE9E000004699B /* MainViewModel.swift in Sources */,
				253482811CB7DC7000F61BB4 /* DataModel.swift in Sources */,
				253482911CB7E74400F61BB4 /* Helper.swift in Sources */,
				2534824F1CB7C9A900F61BB4 /* AppDelegate.swift in Sources */,
				2534828A1CB7E2BB00F61BB4 /* Scene1ViewController.swift in Sources */,
				256A84641CC39F9D00C8C072 /* TransientClass.swift in Sources */,
				253482531CB7C9A900F61BB4 /* Document.swift in Sources */,
				25D27DA61F0F809B00097E8D /* NodeSwift.swift in Sources */,
				250EFD9F1CD7F61600CE8869 /* NodeStruct.swift in Sources */,
				253EB06D1CEC893900253BBB /* DelayedSumProcessor.swift in Sources */,
			);
			runOnlyForDeploymentPostprocessing = 0;
		};
		253A17261CCB8CC10048E524 /* Sources */ = {
			isa = PBXSourcesBuildPhase;
			buildActionMask = 2147483647;
			files = (
				253A172D1CCB8CC10048E524 /* MVVMTests.swift in Sources */,
			);
			runOnlyForDeploymentPostprocessing = 0;
		};
		25E2A3FC1CFDA55800F42FD3 /* Sources */ = {
			isa = PBXSourcesBuildPhase;
			buildActionMask = 2147483647;
			files = (
				25E2A4231CFDA5FE00F42FD3 /* GenericViewModel.swift in Sources */,
				25E2A42B1CFDA5FE00F42FD3 /* RegisterDescription.swift in Sources */,
				25E2A4281CFDA5FE00F42FD3 /* NodeObserver.swift in Sources */,
				25E2A4241CFDA5FE00F42FD3 /* KeypathDescription.swift in Sources */,
				25D380BA1F27400800AF5747 /* idea_chris_eidof.swift in Sources */,
				25E2A41F1CFDA5FE00F42FD3 /* QWChangeCounter.swift in Sources */,
				25E2A4251CFDA5FE00F42FD3 /* KeypathObserver.swift in Sources */,
				25E2A42C1CFDA5FE00F42FD3 /* CodingConverter.swift in Sources */,
				25E2A4271CFDA5FE00F42FD3 /* MonitoredNode.swift in Sources */,
				25E2A4261CFDA5FE00F42FD3 /* KeySetObserver.swift in Sources */,
				25E2A4221CFDA5FE00F42FD3 /* DataUsage.swift in Sources */,
				25E2A4291CFDA5FE00F42FD3 /* PropertyDescription.swift in Sources */,
				25E2A4201CFDA5FE00F42FD3 /* DataContext.swift in Sources */,
				25E2A4211CFDA5FE00F42FD3 /* RepositoryObserver.swift in Sources */,
			);
			runOnlyForDeploymentPostprocessing = 0;
		};
		25E2A4061CFDA55800F42FD3 /* Sources */ = {
			isa = PBXSourcesBuildPhase;
			buildActionMask = 2147483647;
			files = (
				25E2A4121CFDA55800F42FD3 /* QuantwmOSXTests.m in Sources */,
				25E2A4301CFDBE7900F42FD3 /* QuantwmTest.swift in Sources */,
			);
			runOnlyForDeploymentPostprocessing = 0;
		};
/* End PBXSourcesBuildPhase section */

/* Begin PBXTargetDependency section */
		253A17301CCB8CC10048E524 /* PBXTargetDependency */ = {
			isa = PBXTargetDependency;
			target = 2534824A1CB7C9A900F61BB4 /* MVVM */;
			targetProxy = 253A172F1CCB8CC10048E524 /* PBXContainerItemProxy */;
		};
		25E2A40D1CFDA55800F42FD3 /* PBXTargetDependency */ = {
			isa = PBXTargetDependency;
			target = 25E2A4001CFDA55800F42FD3 /* QuantwmOSX */;
			targetProxy = 25E2A40C1CFDA55800F42FD3 /* PBXContainerItemProxy */;
		};
		25E2A40F1CFDA55800F42FD3 /* PBXTargetDependency */ = {
			isa = PBXTargetDependency;
			target = 2534824A1CB7C9A900F61BB4 /* MVVM */;
			targetProxy = 25E2A40E1CFDA55800F42FD3 /* PBXContainerItemProxy */;
		};
		25E2A4151CFDA55800F42FD3 /* PBXTargetDependency */ = {
			isa = PBXTargetDependency;
			target = 25E2A4001CFDA55800F42FD3 /* QuantwmOSX */;
			targetProxy = 25E2A4141CFDA55800F42FD3 /* PBXContainerItemProxy */;
		};
/* End PBXTargetDependency section */

/* Begin PBXVariantGroup section */
		253482561CB7C9A900F61BB4 /* Main.storyboard */ = {
			isa = PBXVariantGroup;
			children = (
				253482571CB7C9A900F61BB4 /* Base */,
			);
			name = Main.storyboard;
			sourceTree = "<group>";
		};
/* End PBXVariantGroup section */

/* Begin XCBuildConfiguration section */
		2534825A1CB7C9A900F61BB4 /* Debug */ = {
			isa = XCBuildConfiguration;
			buildSettings = {
				ALWAYS_SEARCH_USER_PATHS = NO;
				CLANG_ANALYZER_NONNULL = YES;
				CLANG_CXX_LANGUAGE_STANDARD = "gnu++0x";
				CLANG_CXX_LIBRARY = "libc++";
				CLANG_ENABLE_MODULES = YES;
				CLANG_ENABLE_OBJC_ARC = YES;
				CLANG_WARN_BLOCK_CAPTURE_AUTORELEASING = YES;
				CLANG_WARN_BOOL_CONVERSION = YES;
				CLANG_WARN_COMMA = YES;
				CLANG_WARN_CONSTANT_CONVERSION = YES;
				CLANG_WARN_DIRECT_OBJC_ISA_USAGE = YES_ERROR;
				CLANG_WARN_EMPTY_BODY = YES;
				CLANG_WARN_ENUM_CONVERSION = YES;
				CLANG_WARN_INFINITE_RECURSION = YES;
				CLANG_WARN_INT_CONVERSION = YES;
				CLANG_WARN_NON_LITERAL_NULL_CONVERSION = YES;
				CLANG_WARN_OBJC_LITERAL_CONVERSION = YES;
				CLANG_WARN_OBJC_ROOT_CLASS = YES_ERROR;
				CLANG_WARN_RANGE_LOOP_ANALYSIS = YES;
				CLANG_WARN_STRICT_PROTOTYPES = YES;
				CLANG_WARN_SUSPICIOUS_MOVE = YES;
				CLANG_WARN_UNREACHABLE_CODE = YES;
				CLANG_WARN__DUPLICATE_METHOD_MATCH = YES;
				CODE_SIGN_IDENTITY = "-";
				COPY_PHASE_STRIP = NO;
				DEBUG_INFORMATION_FORMAT = dwarf;
				ENABLE_STRICT_OBJC_MSGSEND = YES;
				ENABLE_TESTABILITY = YES;
				GCC_C_LANGUAGE_STANDARD = gnu99;
				GCC_DYNAMIC_NO_PIC = NO;
				GCC_NO_COMMON_BLOCKS = YES;
				GCC_OPTIMIZATION_LEVEL = 0;
				GCC_PREPROCESSOR_DEFINITIONS = (
					"DEBUG=1",
					"$(inherited)",
				);
				GCC_WARN_64_TO_32_BIT_CONVERSION = YES;
				GCC_WARN_ABOUT_RETURN_TYPE = YES_ERROR;
				GCC_WARN_UNDECLARED_SELECTOR = YES;
				GCC_WARN_UNINITIALIZED_AUTOS = YES_AGGRESSIVE;
				GCC_WARN_UNUSED_FUNCTION = YES;
				GCC_WARN_UNUSED_VARIABLE = YES;
				MACOSX_DEPLOYMENT_TARGET = 10.11;
				MTL_ENABLE_DEBUG_INFO = YES;
				ONLY_ACTIVE_ARCH = YES;
				SDKROOT = macosx;
				SWIFT_OPTIMIZATION_LEVEL = "-Onone";
			};
			name = Debug;
		};
		2534825B1CB7C9A900F61BB4 /* Release */ = {
			isa = XCBuildConfiguration;
			buildSettings = {
				ALWAYS_SEARCH_USER_PATHS = NO;
				CLANG_ANALYZER_NONNULL = YES;
				CLANG_CXX_LANGUAGE_STANDARD = "gnu++0x";
				CLANG_CXX_LIBRARY = "libc++";
				CLANG_ENABLE_MODULES = YES;
				CLANG_ENABLE_OBJC_ARC = YES;
				CLANG_WARN_BLOCK_CAPTURE_AUTORELEASING = YES;
				CLANG_WARN_BOOL_CONVERSION = YES;
				CLANG_WARN_COMMA = YES;
				CLANG_WARN_CONSTANT_CONVERSION = YES;
				CLANG_WARN_DIRECT_OBJC_ISA_USAGE = YES_ERROR;
				CLANG_WARN_EMPTY_BODY = YES;
				CLANG_WARN_ENUM_CONVERSION = YES;
				CLANG_WARN_INFINITE_RECURSION = YES;
				CLANG_WARN_INT_CONVERSION = YES;
				CLANG_WARN_NON_LITERAL_NULL_CONVERSION = YES;
				CLANG_WARN_OBJC_LITERAL_CONVERSION = YES;
				CLANG_WARN_OBJC_ROOT_CLASS = YES_ERROR;
				CLANG_WARN_RANGE_LOOP_ANALYSIS = YES;
				CLANG_WARN_STRICT_PROTOTYPES = YES;
				CLANG_WARN_SUSPICIOUS_MOVE = YES;
				CLANG_WARN_UNREACHABLE_CODE = YES;
				CLANG_WARN__DUPLICATE_METHOD_MATCH = YES;
				CODE_SIGN_IDENTITY = "-";
				COPY_PHASE_STRIP = NO;
				DEBUG_INFORMATION_FORMAT = "dwarf-with-dsym";
				ENABLE_NS_ASSERTIONS = NO;
				ENABLE_STRICT_OBJC_MSGSEND = YES;
				GCC_C_LANGUAGE_STANDARD = gnu99;
				GCC_NO_COMMON_BLOCKS = YES;
				GCC_WARN_64_TO_32_BIT_CONVERSION = YES;
				GCC_WARN_ABOUT_RETURN_TYPE = YES_ERROR;
				GCC_WARN_UNDECLARED_SELECTOR = YES;
				GCC_WARN_UNINITIALIZED_AUTOS = YES_AGGRESSIVE;
				GCC_WARN_UNUSED_FUNCTION = YES;
				GCC_WARN_UNUSED_VARIABLE = YES;
				MACOSX_DEPLOYMENT_TARGET = 10.11;
				MTL_ENABLE_DEBUG_INFO = NO;
				SDKROOT = macosx;
				SWIFT_OPTIMIZATION_LEVEL = "-Owholemodule";
			};
			name = Release;
		};
		2534825D1CB7C9A900F61BB4 /* Debug */ = {
			isa = XCBuildConfiguration;
			buildSettings = {
				ALWAYS_EMBED_SWIFT_STANDARD_LIBRARIES = YES;
				ASSETCATALOG_COMPILER_APPICON_NAME = AppIcon;
				CLANG_ENABLE_MODULES = YES;
				COMBINE_HIDPI_IMAGES = YES;
				INFOPLIST_FILE = MVVM/Info.plist;
				LD_RUNPATH_SEARCH_PATHS = "$(inherited) @executable_path/../Frameworks";
				PRODUCT_BUNDLE_IDENTIFIER = com.example.MVVM;
				PRODUCT_NAME = "$(TARGET_NAME)";
				SWIFT_OBJC_BRIDGING_HEADER = "MVVM/MVVM-Bridging-Header.h";
				SWIFT_OPTIMIZATION_LEVEL = "-Onone";
				SWIFT_SWIFT3_OBJC_INFERENCE = On;
				SWIFT_VERSION = 4.0;
			};
			name = Debug;
		};
		2534825E1CB7C9A900F61BB4 /* Release */ = {
			isa = XCBuildConfiguration;
			buildSettings = {
				ALWAYS_EMBED_SWIFT_STANDARD_LIBRARIES = YES;
				ASSETCATALOG_COMPILER_APPICON_NAME = AppIcon;
				CLANG_ENABLE_MODULES = YES;
				COMBINE_HIDPI_IMAGES = YES;
				INFOPLIST_FILE = MVVM/Info.plist;
				LD_RUNPATH_SEARCH_PATHS = "$(inherited) @executable_path/../Frameworks";
				PRODUCT_BUNDLE_IDENTIFIER = com.example.MVVM;
				PRODUCT_NAME = "$(TARGET_NAME)";
				SWIFT_OBJC_BRIDGING_HEADER = "MVVM/MVVM-Bridging-Header.h";
				SWIFT_SWIFT3_OBJC_INFERENCE = On;
				SWIFT_VERSION = 4.0;
			};
			name = Release;
		};
		253A17321CCB8CC10048E524 /* Debug */ = {
			isa = XCBuildConfiguration;
			buildSettings = {
				BUNDLE_LOADER = "$(TEST_HOST)";
				COMBINE_HIDPI_IMAGES = YES;
				INFOPLIST_FILE = MVVMTests/Info.plist;
				LD_RUNPATH_SEARCH_PATHS = "$(inherited) @executable_path/../Frameworks @loader_path/../Frameworks";
				PRODUCT_BUNDLE_IDENTIFIER = XLSoftwareSolutions.MVVMTests;
				PRODUCT_NAME = "$(TARGET_NAME)";
				SWIFT_SWIFT3_OBJC_INFERENCE = On;
				SWIFT_VERSION = 4.0;
				TEST_HOST = "$(BUILT_PRODUCTS_DIR)/MVVM.app/Contents/MacOS/MVVM";
			};
			name = Debug;
		};
		253A17331CCB8CC10048E524 /* Release */ = {
			isa = XCBuildConfiguration;
			buildSettings = {
				BUNDLE_LOADER = "$(TEST_HOST)";
				COMBINE_HIDPI_IMAGES = YES;
				INFOPLIST_FILE = MVVMTests/Info.plist;
				LD_RUNPATH_SEARCH_PATHS = "$(inherited) @executable_path/../Frameworks @loader_path/../Frameworks";
				PRODUCT_BUNDLE_IDENTIFIER = XLSoftwareSolutions.MVVMTests;
				PRODUCT_NAME = "$(TARGET_NAME)";
				SWIFT_SWIFT3_OBJC_INFERENCE = On;
				SWIFT_VERSION = 4.0;
				TEST_HOST = "$(BUILT_PRODUCTS_DIR)/MVVM.app/Contents/MacOS/MVVM";
			};
			name = Release;
		};
		25E2A4191CFDA55900F42FD3 /* Debug */ = {
			isa = XCBuildConfiguration;
			buildSettings = {
				CODE_SIGN_IDENTITY = "";
				COMBINE_HIDPI_IMAGES = YES;
				CURRENT_PROJECT_VERSION = 1;
				DEFINES_MODULE = YES;
				DYLIB_COMPATIBILITY_VERSION = 1;
				DYLIB_CURRENT_VERSION = 1;
				DYLIB_INSTALL_NAME_BASE = "@rpath";
				FRAMEWORK_VERSION = A;
				INFOPLIST_FILE = QuantwmOSX/Info.plist;
				INSTALL_PATH = "$(LOCAL_LIBRARY_DIR)/Frameworks";
				LD_RUNPATH_SEARCH_PATHS = "$(inherited) @executable_path/../Frameworks @loader_path/Frameworks";
				MACOSX_DEPLOYMENT_TARGET = 10.10;
				PRODUCT_BUNDLE_IDENTIFIER = swift.QuantwmOSX;
				PRODUCT_NAME = "$(TARGET_NAME)";
				SKIP_INSTALL = YES;
				SWIFT_SWIFT3_OBJC_INFERENCE = On;
				SWIFT_VERSION = 4.0;
				VERSIONING_SYSTEM = "apple-generic";
				VERSION_INFO_PREFIX = "";
			};
			name = Debug;
		};
		25E2A41A1CFDA55900F42FD3 /* Release */ = {
			isa = XCBuildConfiguration;
			buildSettings = {
				CODE_SIGN_IDENTITY = "";
				COMBINE_HIDPI_IMAGES = YES;
				CURRENT_PROJECT_VERSION = 1;
				DEFINES_MODULE = YES;
				DYLIB_COMPATIBILITY_VERSION = 1;
				DYLIB_CURRENT_VERSION = 1;
				DYLIB_INSTALL_NAME_BASE = "@rpath";
				FRAMEWORK_VERSION = A;
				INFOPLIST_FILE = QuantwmOSX/Info.plist;
				INSTALL_PATH = "$(LOCAL_LIBRARY_DIR)/Frameworks";
				LD_RUNPATH_SEARCH_PATHS = "$(inherited) @executable_path/../Frameworks @loader_path/Frameworks";
				MACOSX_DEPLOYMENT_TARGET = 10.10;
				PRODUCT_BUNDLE_IDENTIFIER = swift.QuantwmOSX;
				PRODUCT_NAME = "$(TARGET_NAME)";
				SKIP_INSTALL = YES;
				SWIFT_SWIFT3_OBJC_INFERENCE = On;
				SWIFT_VERSION = 4.0;
				VERSIONING_SYSTEM = "apple-generic";
				VERSION_INFO_PREFIX = "";
			};
			name = Release;
		};
		25E2A41D1CFDA55900F42FD3 /* Debug */ = {
			isa = XCBuildConfiguration;
			buildSettings = {
				CLANG_ENABLE_MODULES = YES;
				COMBINE_HIDPI_IMAGES = YES;
				INFOPLIST_FILE = QuantwmOSXTests/Info.plist;
				LD_RUNPATH_SEARCH_PATHS = "$(inherited) @executable_path/../Frameworks @loader_path/../Frameworks";
				PRODUCT_BUNDLE_IDENTIFIER = swift.QuantwmOSXTests;
				PRODUCT_NAME = "$(TARGET_NAME)";
				SWIFT_OBJC_BRIDGING_HEADER = "QuantwmOSXTests/QuantwmOSXTests-Bridging-Header.h";
				SWIFT_OPTIMIZATION_LEVEL = "-Onone";
				SWIFT_SWIFT3_OBJC_INFERENCE = On;
				SWIFT_VERSION = 4.0;
			};
			name = Debug;
		};
		25E2A41E1CFDA55900F42FD3 /* Release */ = {
			isa = XCBuildConfiguration;
			buildSettings = {
				CLANG_ENABLE_MODULES = YES;
				COMBINE_HIDPI_IMAGES = YES;
				INFOPLIST_FILE = QuantwmOSXTests/Info.plist;
				LD_RUNPATH_SEARCH_PATHS = "$(inherited) @executable_path/../Frameworks @loader_path/../Frameworks";
				PRODUCT_BUNDLE_IDENTIFIER = swift.QuantwmOSXTests;
				PRODUCT_NAME = "$(TARGET_NAME)";
				SWIFT_OBJC_BRIDGING_HEADER = "QuantwmOSXTests/QuantwmOSXTests-Bridging-Header.h";
				SWIFT_SWIFT3_OBJC_INFERENCE = On;
				SWIFT_VERSION = 4.0;
			};
			name = Release;
		};
/* End XCBuildConfiguration section */

/* Begin XCConfigurationList section */
		253482461CB7C9A900F61BB4 /* Build configuration list for PBXProject "QUANTWM" */ = {
			isa = XCConfigurationList;
			buildConfigurations = (
				2534825A1CB7C9A900F61BB4 /* Debug */,
				2534825B1CB7C9A900F61BB4 /* Release */,
			);
			defaultConfigurationIsVisible = 0;
			defaultConfigurationName = Release;
		};
		2534825C1CB7C9A900F61BB4 /* Build configuration list for PBXNativeTarget "MVVM" */ = {
			isa = XCConfigurationList;
			buildConfigurations = (
				2534825D1CB7C9A900F61BB4 /* Debug */,
				2534825E1CB7C9A900F61BB4 /* Release */,
			);
			defaultConfigurationIsVisible = 0;
			defaultConfigurationName = Release;
		};
		253A17311CCB8CC10048E524 /* Build configuration list for PBXNativeTarget "MVVMTests" */ = {
			isa = XCConfigurationList;
			buildConfigurations = (
				253A17321CCB8CC10048E524 /* Debug */,
				253A17331CCB8CC10048E524 /* Release */,
			);
			defaultConfigurationIsVisible = 0;
			defaultConfigurationName = Release;
		};
		25E2A4181CFDA55900F42FD3 /* Build configuration list for PBXNativeTarget "QuantwmOSX" */ = {
			isa = XCConfigurationList;
			buildConfigurations = (
				25E2A4191CFDA55900F42FD3 /* Debug */,
				25E2A41A1CFDA55900F42FD3 /* Release */,
			);
			defaultConfigurationIsVisible = 0;
			defaultConfigurationName = Release;
		};
		25E2A41C1CFDA55900F42FD3 /* Build configuration list for PBXNativeTarget "QuantwmOSXTests" */ = {
			isa = XCConfigurationList;
			buildConfigurations = (
				25E2A41D1CFDA55900F42FD3 /* Debug */,
				25E2A41E1CFDA55900F42FD3 /* Release */,
			);
			defaultConfigurationIsVisible = 0;
			defaultConfigurationName = Release;
		};
/* End XCConfigurationList section */
	};
	rootObject = 253482431CB7C9A900F61BB4 /* Project object */;
}
